// !$*UTF8*$!
{
	archiveVersion = 1;
	classes = {
	};
	objectVersion = 50;
	objects = {

/* Begin PBXBuildFile section */
		BCBBE64122D0C2C60001B312 /* StatisticViewController.swift in Sources */ = {isa = PBXBuildFile; fileRef = BCBBE64022D0C2C60001B312 /* StatisticViewController.swift */; };
		BCBBE64422D0C5410001B312 /* StatisticTableViewController.swift in Sources */ = {isa = PBXBuildFile; fileRef = BCBBE64322D0C5410001B312 /* StatisticTableViewController.swift */; };
		BCBBE64622D0C66A0001B312 /* TodayNavigationController.swift in Sources */ = {isa = PBXBuildFile; fileRef = BCBBE64522D0C66A0001B312 /* TodayNavigationController.swift */; };
		BCBBE64822D0C6D30001B312 /* TabBarController.swift in Sources */ = {isa = PBXBuildFile; fileRef = BCBBE64722D0C6D30001B312 /* TabBarController.swift */; };
		BCBBE64A22D0F0630001B312 /* AddViewController.swift in Sources */ = {isa = PBXBuildFile; fileRef = BCBBE64922D0F0630001B312 /* AddViewController.swift */; };
		BCBBE64C22D1FE810001B312 /* SettingsViewController.swift in Sources */ = {isa = PBXBuildFile; fileRef = BCBBE64B22D1FE810001B312 /* SettingsViewController.swift */; };
		BCCF8D9922D0C01900141592 /* AppDelegate.swift in Sources */ = {isa = PBXBuildFile; fileRef = BCCF8D9822D0C01900141592 /* AppDelegate.swift */; };
		BCCF8D9E22D0C01900141592 /* Main.storyboard in Resources */ = {isa = PBXBuildFile; fileRef = BCCF8D9C22D0C01900141592 /* Main.storyboard */; };
		BCCF8DA122D0C01900141592 /* Aquary.xcdatamodeld in Sources */ = {isa = PBXBuildFile; fileRef = BCCF8D9F22D0C01900141592 /* Aquary.xcdatamodeld */; };
		BCCF8DA322D0C01B00141592 /* Assets.xcassets in Resources */ = {isa = PBXBuildFile; fileRef = BCCF8DA222D0C01B00141592 /* Assets.xcassets */; };
		BCCF8DA622D0C01B00141592 /* LaunchScreen.storyboard in Resources */ = {isa = PBXBuildFile; fileRef = BCCF8DA422D0C01B00141592 /* LaunchScreen.storyboard */; };
		BCCF8DB022D0C27100141592 /* TodayViewController.swift in Sources */ = {isa = PBXBuildFile; fileRef = BCCF8DAF22D0C27100141592 /* TodayViewController.swift */; };
		BCDC7BF822D5085A0087D244 /* Interface.storyboard in Resources */ = {isa = PBXBuildFile; fileRef = BCDC7BF622D5085A0087D244 /* Interface.storyboard */; };
		BCDC7BFA22D5085B0087D244 /* Assets.xcassets in Resources */ = {isa = PBXBuildFile; fileRef = BCDC7BF922D5085B0087D244 /* Assets.xcassets */; };
		BCDC7C0122D5085C0087D244 /* watchAquary Extension.appex in Embed App Extensions */ = {isa = PBXBuildFile; fileRef = BCDC7C0022D5085C0087D244 /* watchAquary Extension.appex */; settings = {ATTRIBUTES = (RemoveHeadersOnCopy, ); }; };
		BCDC7C0622D5085C0087D244 /* InterfaceController.swift in Sources */ = {isa = PBXBuildFile; fileRef = BCDC7C0522D5085C0087D244 /* InterfaceController.swift */; };
		BCDC7C0822D5085C0087D244 /* ExtensionDelegate.swift in Sources */ = {isa = PBXBuildFile; fileRef = BCDC7C0722D5085C0087D244 /* ExtensionDelegate.swift */; };
		BCDC7C0A22D5085C0087D244 /* NotificationController.swift in Sources */ = {isa = PBXBuildFile; fileRef = BCDC7C0922D5085C0087D244 /* NotificationController.swift */; };
		BCDC7C0C22D5085C0087D244 /* ComplicationController.swift in Sources */ = {isa = PBXBuildFile; fileRef = BCDC7C0B22D5085C0087D244 /* ComplicationController.swift */; };
		BCDC7C0E22D5085C0087D244 /* Assets.xcassets in Resources */ = {isa = PBXBuildFile; fileRef = BCDC7C0D22D5085C0087D244 /* Assets.xcassets */; };
		BCDC7C1322D5085C0087D244 /* watchAquary.app in Embed Watch Content */ = {isa = PBXBuildFile; fileRef = BCDC7BF422D5085A0087D244 /* watchAquary.app */; };
/* End PBXBuildFile section */

/* Begin PBXContainerItemProxy section */
		BCDC7C0222D5085C0087D244 /* PBXContainerItemProxy */ = {
			isa = PBXContainerItemProxy;
			containerPortal = BCCF8D8D22D0C01900141592 /* Project object */;
			proxyType = 1;
			remoteGlobalIDString = BCDC7BFF22D5085C0087D244;
			remoteInfo = "watchAquary Extension";
		};
		BCDC7C1122D5085C0087D244 /* PBXContainerItemProxy */ = {
			isa = PBXContainerItemProxy;
			containerPortal = BCCF8D8D22D0C01900141592 /* Project object */;
			proxyType = 1;
			remoteGlobalIDString = BCDC7BF322D5085A0087D244;
			remoteInfo = watchAquary;
		};
/* End PBXContainerItemProxy section */

/* Begin PBXCopyFilesBuildPhase section */
		BCDC7C1722D5085C0087D244 /* Embed App Extensions */ = {
			isa = PBXCopyFilesBuildPhase;
			buildActionMask = 2147483647;
			dstPath = "";
			dstSubfolderSpec = 13;
			files = (
				BCDC7C0122D5085C0087D244 /* watchAquary Extension.appex in Embed App Extensions */,
			);
			name = "Embed App Extensions";
			runOnlyForDeploymentPostprocessing = 0;
		};
		BCDC7C1B22D5085C0087D244 /* Embed Watch Content */ = {
			isa = PBXCopyFilesBuildPhase;
			buildActionMask = 2147483647;
			dstPath = "$(CONTENTS_FOLDER_PATH)/Watch";
			dstSubfolderSpec = 16;
			files = (
				BCDC7C1322D5085C0087D244 /* watchAquary.app in Embed Watch Content */,
			);
			name = "Embed Watch Content";
			runOnlyForDeploymentPostprocessing = 0;
		};
/* End PBXCopyFilesBuildPhase section */

/* Begin PBXFileReference section */
		BC48038A22D25087001E8760 /* Aquary.entitlements */ = {isa = PBXFileReference; lastKnownFileType = text.plist.entitlements; path = Aquary.entitlements; sourceTree = "<group>"; };
		BCBBE64022D0C2C60001B312 /* StatisticViewController.swift */ = {isa = PBXFileReference; lastKnownFileType = sourcecode.swift; path = StatisticViewController.swift; sourceTree = "<group>"; };
		BCBBE64322D0C5410001B312 /* StatisticTableViewController.swift */ = {isa = PBXFileReference; lastKnownFileType = sourcecode.swift; path = StatisticTableViewController.swift; sourceTree = "<group>"; };
		BCBBE64522D0C66A0001B312 /* TodayNavigationController.swift */ = {isa = PBXFileReference; lastKnownFileType = sourcecode.swift; path = TodayNavigationController.swift; sourceTree = "<group>"; };
		BCBBE64722D0C6D30001B312 /* TabBarController.swift */ = {isa = PBXFileReference; lastKnownFileType = sourcecode.swift; path = TabBarController.swift; sourceTree = "<group>"; };
		BCBBE64922D0F0630001B312 /* AddViewController.swift */ = {isa = PBXFileReference; lastKnownFileType = sourcecode.swift; path = AddViewController.swift; sourceTree = "<group>"; };
		BCBBE64B22D1FE810001B312 /* SettingsViewController.swift */ = {isa = PBXFileReference; lastKnownFileType = sourcecode.swift; name = SettingsViewController.swift; path = ../SettingsViewController.swift; sourceTree = "<group>"; };
		BCCF8D9522D0C01900141592 /* Aquary.app */ = {isa = PBXFileReference; explicitFileType = wrapper.application; includeInIndex = 0; path = Aquary.app; sourceTree = BUILT_PRODUCTS_DIR; };
		BCCF8D9822D0C01900141592 /* AppDelegate.swift */ = {isa = PBXFileReference; lastKnownFileType = sourcecode.swift; path = AppDelegate.swift; sourceTree = "<group>"; };
		BCCF8D9D22D0C01900141592 /* Base */ = {isa = PBXFileReference; lastKnownFileType = file.storyboard; name = Base; path = Base.lproj/Main.storyboard; sourceTree = "<group>"; };
		BCCF8DA022D0C01900141592 /* Aquary.xcdatamodel */ = {isa = PBXFileReference; lastKnownFileType = wrapper.xcdatamodel; path = Aquary.xcdatamodel; sourceTree = "<group>"; };
		BCCF8DA222D0C01B00141592 /* Assets.xcassets */ = {isa = PBXFileReference; lastKnownFileType = folder.assetcatalog; path = Assets.xcassets; sourceTree = "<group>"; };
		BCCF8DA522D0C01B00141592 /* Base */ = {isa = PBXFileReference; lastKnownFileType = file.storyboard; name = Base; path = Base.lproj/LaunchScreen.storyboard; sourceTree = "<group>"; };
		BCCF8DA722D0C01B00141592 /* Info.plist */ = {isa = PBXFileReference; lastKnownFileType = text.plist.xml; path = Info.plist; sourceTree = "<group>"; };
		BCCF8DAF22D0C27100141592 /* TodayViewController.swift */ = {isa = PBXFileReference; lastKnownFileType = sourcecode.swift; path = TodayViewController.swift; sourceTree = "<group>"; };
		BCDC7BF422D5085A0087D244 /* watchAquary.app */ = {isa = PBXFileReference; explicitFileType = wrapper.application; includeInIndex = 0; path = watchAquary.app; sourceTree = BUILT_PRODUCTS_DIR; };
		BCDC7BF722D5085A0087D244 /* Base */ = {isa = PBXFileReference; lastKnownFileType = file.storyboard; name = Base; path = Base.lproj/Interface.storyboard; sourceTree = "<group>"; };
		BCDC7BF922D5085B0087D244 /* Assets.xcassets */ = {isa = PBXFileReference; lastKnownFileType = folder.assetcatalog; path = Assets.xcassets; sourceTree = "<group>"; };
		BCDC7BFB22D5085B0087D244 /* Info.plist */ = {isa = PBXFileReference; lastKnownFileType = text.plist.xml; path = Info.plist; sourceTree = "<group>"; };
		BCDC7C0022D5085C0087D244 /* watchAquary Extension.appex */ = {isa = PBXFileReference; explicitFileType = "wrapper.app-extension"; includeInIndex = 0; path = "watchAquary Extension.appex"; sourceTree = BUILT_PRODUCTS_DIR; };
		BCDC7C0522D5085C0087D244 /* InterfaceController.swift */ = {isa = PBXFileReference; lastKnownFileType = sourcecode.swift; path = InterfaceController.swift; sourceTree = "<group>"; };
		BCDC7C0722D5085C0087D244 /* ExtensionDelegate.swift */ = {isa = PBXFileReference; lastKnownFileType = sourcecode.swift; path = ExtensionDelegate.swift; sourceTree = "<group>"; };
		BCDC7C0922D5085C0087D244 /* NotificationController.swift */ = {isa = PBXFileReference; lastKnownFileType = sourcecode.swift; path = NotificationController.swift; sourceTree = "<group>"; };
		BCDC7C0B22D5085C0087D244 /* ComplicationController.swift */ = {isa = PBXFileReference; lastKnownFileType = sourcecode.swift; path = ComplicationController.swift; sourceTree = "<group>"; };
		BCDC7C0D22D5085C0087D244 /* Assets.xcassets */ = {isa = PBXFileReference; lastKnownFileType = folder.assetcatalog; path = Assets.xcassets; sourceTree = "<group>"; };
		BCDC7C0F22D5085C0087D244 /* Info.plist */ = {isa = PBXFileReference; lastKnownFileType = text.plist.xml; path = Info.plist; sourceTree = "<group>"; };
		BCDC7C1022D5085C0087D244 /* PushNotificationPayload.apns */ = {isa = PBXFileReference; lastKnownFileType = text; path = PushNotificationPayload.apns; sourceTree = "<group>"; };
/* End PBXFileReference section */

/* Begin PBXFrameworksBuildPhase section */
		BCCF8D9222D0C01900141592 /* Frameworks */ = {
			isa = PBXFrameworksBuildPhase;
			buildActionMask = 2147483647;
			files = (
			);
			runOnlyForDeploymentPostprocessing = 0;
		};
		BCDC7BFD22D5085C0087D244 /* Frameworks */ = {
			isa = PBXFrameworksBuildPhase;
			buildActionMask = 2147483647;
			files = (
			);
			runOnlyForDeploymentPostprocessing = 0;
		};
/* End PBXFrameworksBuildPhase section */

/* Begin PBXGroup section */
		BCBBE64222D0C2D70001B312 /* Controllers */ = {
			isa = PBXGroup;
			children = (
				BCBBE64722D0C6D30001B312 /* TabBarController.swift */,
				BCCF8DAF22D0C27100141592 /* TodayViewController.swift */,
				BCBBE64922D0F0630001B312 /* AddViewController.swift */,
				BCBBE64322D0C5410001B312 /* StatisticTableViewController.swift */,
				BCBBE64022D0C2C60001B312 /* StatisticViewController.swift */,
				BCBBE64522D0C66A0001B312 /* TodayNavigationController.swift */,
				BCBBE64B22D1FE810001B312 /* SettingsViewController.swift */,
			);
			path = Controllers;
			sourceTree = "<group>";
		};
		BCCF8D8C22D0C01900141592 = {
			isa = PBXGroup;
			children = (
				BCCF8D9722D0C01900141592 /* Aquary */,
				BCDC7BF522D5085A0087D244 /* watchAquary */,
				BCDC7C0422D5085C0087D244 /* watchAquary Extension */,
				BCCF8D9622D0C01900141592 /* Products */,
			);
			sourceTree = "<group>";
			usesTabs = 1;
		};
		BCCF8D9622D0C01900141592 /* Products */ = {
			isa = PBXGroup;
			children = (
				BCCF8D9522D0C01900141592 /* Aquary.app */,
				BCDC7BF422D5085A0087D244 /* watchAquary.app */,
				BCDC7C0022D5085C0087D244 /* watchAquary Extension.appex */,
			);
			name = Products;
			sourceTree = "<group>";
		};
		BCCF8D9722D0C01900141592 /* Aquary */ = {
			isa = PBXGroup;
			children = (
				BC48038A22D25087001E8760 /* Aquary.entitlements */,
				BCCF8D9822D0C01900141592 /* AppDelegate.swift */,
				BCCF8D9C22D0C01900141592 /* Main.storyboard */,
				BCCF8DA222D0C01B00141592 /* Assets.xcassets */,
				BCCF8DA422D0C01B00141592 /* LaunchScreen.storyboard */,
				BCBBE64222D0C2D70001B312 /* Controllers */,
				BCCF8DA722D0C01B00141592 /* Info.plist */,
				BCCF8D9F22D0C01900141592 /* Aquary.xcdatamodeld */,
			);
			path = Aquary;
			sourceTree = "<group>";
		};
		BCDC7BF522D5085A0087D244 /* watchAquary */ = {
			isa = PBXGroup;
			children = (
				BCDC7BF622D5085A0087D244 /* Interface.storyboard */,
				BCDC7BF922D5085B0087D244 /* Assets.xcassets */,
				BCDC7BFB22D5085B0087D244 /* Info.plist */,
			);
			path = watchAquary;
			sourceTree = "<group>";
		};
		BCDC7C0422D5085C0087D244 /* watchAquary Extension */ = {
			isa = PBXGroup;
			children = (
				BCDC7C0522D5085C0087D244 /* InterfaceController.swift */,
				BCDC7C0722D5085C0087D244 /* ExtensionDelegate.swift */,
				BCDC7C0922D5085C0087D244 /* NotificationController.swift */,
				BCDC7C0B22D5085C0087D244 /* ComplicationController.swift */,
				BCDC7C0D22D5085C0087D244 /* Assets.xcassets */,
				BCDC7C0F22D5085C0087D244 /* Info.plist */,
				BCDC7C1022D5085C0087D244 /* PushNotificationPayload.apns */,
			);
			path = "watchAquary Extension";
			sourceTree = "<group>";
		};
/* End PBXGroup section */

/* Begin PBXNativeTarget section */
		BCCF8D9422D0C01900141592 /* Aquary */ = {
			isa = PBXNativeTarget;
			buildConfigurationList = BCCF8DAA22D0C01B00141592 /* Build configuration list for PBXNativeTarget "Aquary" */;
			buildPhases = (
				BCCF8D9122D0C01900141592 /* Sources */,
				BCCF8D9222D0C01900141592 /* Frameworks */,
				BCCF8D9322D0C01900141592 /* Resources */,
				BCDC7C1B22D5085C0087D244 /* Embed Watch Content */,
			);
			buildRules = (
			);
			dependencies = (
				BCDC7C1222D5085C0087D244 /* PBXTargetDependency */,
			);
			name = Aquary;
			productName = Aquary;
			productReference = BCCF8D9522D0C01900141592 /* Aquary.app */;
			productType = "com.apple.product-type.application";
		};
		BCDC7BF322D5085A0087D244 /* watchAquary */ = {
			isa = PBXNativeTarget;
			buildConfigurationList = BCDC7C1822D5085C0087D244 /* Build configuration list for PBXNativeTarget "watchAquary" */;
			buildPhases = (
				BCDC7BF222D5085A0087D244 /* Resources */,
				BCDC7C1722D5085C0087D244 /* Embed App Extensions */,
			);
			buildRules = (
			);
			dependencies = (
				BCDC7C0322D5085C0087D244 /* PBXTargetDependency */,
			);
			name = watchAquary;
			productName = watchAquary;
			productReference = BCDC7BF422D5085A0087D244 /* watchAquary.app */;
			productType = "com.apple.product-type.application.watchapp2";
		};
		BCDC7BFF22D5085C0087D244 /* watchAquary Extension */ = {
			isa = PBXNativeTarget;
			buildConfigurationList = BCDC7C1422D5085C0087D244 /* Build configuration list for PBXNativeTarget "watchAquary Extension" */;
			buildPhases = (
				BCDC7BFC22D5085C0087D244 /* Sources */,
				BCDC7BFD22D5085C0087D244 /* Frameworks */,
				BCDC7BFE22D5085C0087D244 /* Resources */,
			);
			buildRules = (
			);
			dependencies = (
			);
			name = "watchAquary Extension";
			productName = "watchAquary Extension";
			productReference = BCDC7C0022D5085C0087D244 /* watchAquary Extension.appex */;
			productType = "com.apple.product-type.watchkit2-extension";
		};
/* End PBXNativeTarget section */

/* Begin PBXProject section */
		BCCF8D8D22D0C01900141592 /* Project object */ = {
			isa = PBXProject;
			attributes = {
				LastSwiftUpdateCheck = 1020;
				LastUpgradeCheck = 1020;
				ORGANIZATIONNAME = "Sashko Shel";
				TargetAttributes = {
					BCCF8D9422D0C01900141592 = {
						CreatedOnToolsVersion = 10.2.1;
						SystemCapabilities = {
							com.apple.Push = {
								enabled = 1;
							};
						};
					};
					BCDC7BF322D5085A0087D244 = {
						CreatedOnToolsVersion = 10.2.1;
					};
					BCDC7BFF22D5085C0087D244 = {
						CreatedOnToolsVersion = 10.2.1;
					};
				};
			};
			buildConfigurationList = BCCF8D9022D0C01900141592 /* Build configuration list for PBXProject "Aquary" */;
			compatibilityVersion = "Xcode 9.3";
			developmentRegion = en;
			hasScannedForEncodings = 0;
			knownRegions = (
				en,
				Base,
			);
			mainGroup = BCCF8D8C22D0C01900141592;
			productRefGroup = BCCF8D9622D0C01900141592 /* Products */;
			projectDirPath = "";
			projectRoot = "";
			targets = (
				BCCF8D9422D0C01900141592 /* Aquary */,
				BCDC7BF322D5085A0087D244 /* watchAquary */,
				BCDC7BFF22D5085C0087D244 /* watchAquary Extension */,
			);
		};
/* End PBXProject section */

/* Begin PBXResourcesBuildPhase section */
		BCCF8D9322D0C01900141592 /* Resources */ = {
			isa = PBXResourcesBuildPhase;
			buildActionMask = 2147483647;
			files = (
				BCCF8DA622D0C01B00141592 /* LaunchScreen.storyboard in Resources */,
				BCCF8DA322D0C01B00141592 /* Assets.xcassets in Resources */,
				BCCF8D9E22D0C01900141592 /* Main.storyboard in Resources */,
			);
			runOnlyForDeploymentPostprocessing = 0;
		};
		BCDC7BF222D5085A0087D244 /* Resources */ = {
			isa = PBXResourcesBuildPhase;
			buildActionMask = 2147483647;
			files = (
				BCDC7BFA22D5085B0087D244 /* Assets.xcassets in Resources */,
				BCDC7BF822D5085A0087D244 /* Interface.storyboard in Resources */,
			);
			runOnlyForDeploymentPostprocessing = 0;
		};
		BCDC7BFE22D5085C0087D244 /* Resources */ = {
			isa = PBXResourcesBuildPhase;
			buildActionMask = 2147483647;
			files = (
				BCDC7C0E22D5085C0087D244 /* Assets.xcassets in Resources */,
			);
			runOnlyForDeploymentPostprocessing = 0;
		};
/* End PBXResourcesBuildPhase section */

/* Begin PBXSourcesBuildPhase section */
		BCCF8D9122D0C01900141592 /* Sources */ = {
			isa = PBXSourcesBuildPhase;
			buildActionMask = 2147483647;
			files = (
				BCBBE64422D0C5410001B312 /* StatisticTableViewController.swift in Sources */,
				BCBBE64822D0C6D30001B312 /* TabBarController.swift in Sources */,
				BCBBE64A22D0F0630001B312 /* AddViewController.swift in Sources */,
				BCBBE64C22D1FE810001B312 /* SettingsViewController.swift in Sources */,
				BCCF8DA122D0C01900141592 /* Aquary.xcdatamodeld in Sources */,
				BCCF8DB022D0C27100141592 /* TodayViewController.swift in Sources */,
				BCBBE64122D0C2C60001B312 /* StatisticViewController.swift in Sources */,
				BCCF8D9922D0C01900141592 /* AppDelegate.swift in Sources */,
				BCBBE64622D0C66A0001B312 /* TodayNavigationController.swift in Sources */,
			);
			runOnlyForDeploymentPostprocessing = 0;
		};
		BCDC7BFC22D5085C0087D244 /* Sources */ = {
			isa = PBXSourcesBuildPhase;
			buildActionMask = 2147483647;
			files = (
				BCDC7C0A22D5085C0087D244 /* NotificationController.swift in Sources */,
				BCDC7C0C22D5085C0087D244 /* ComplicationController.swift in Sources */,
				BCDC7C0822D5085C0087D244 /* ExtensionDelegate.swift in Sources */,
				BCDC7C0622D5085C0087D244 /* InterfaceController.swift in Sources */,
			);
			runOnlyForDeploymentPostprocessing = 0;
		};
/* End PBXSourcesBuildPhase section */

/* Begin PBXTargetDependency section */
		BCDC7C0322D5085C0087D244 /* PBXTargetDependency */ = {
			isa = PBXTargetDependency;
			target = BCDC7BFF22D5085C0087D244 /* watchAquary Extension */;
			targetProxy = BCDC7C0222D5085C0087D244 /* PBXContainerItemProxy */;
		};
		BCDC7C1222D5085C0087D244 /* PBXTargetDependency */ = {
			isa = PBXTargetDependency;
			target = BCDC7BF322D5085A0087D244 /* watchAquary */;
			targetProxy = BCDC7C1122D5085C0087D244 /* PBXContainerItemProxy */;
		};
/* End PBXTargetDependency section */

/* Begin PBXVariantGroup section */
		BCCF8D9C22D0C01900141592 /* Main.storyboard */ = {
			isa = PBXVariantGroup;
			children = (
				BCCF8D9D22D0C01900141592 /* Base */,
			);
			name = Main.storyboard;
			sourceTree = "<group>";
		};
		BCCF8DA422D0C01B00141592 /* LaunchScreen.storyboard */ = {
			isa = PBXVariantGroup;
			children = (
				BCCF8DA522D0C01B00141592 /* Base */,
			);
			name = LaunchScreen.storyboard;
			sourceTree = "<group>";
		};
		BCDC7BF622D5085A0087D244 /* Interface.storyboard */ = {
			isa = PBXVariantGroup;
			children = (
				BCDC7BF722D5085A0087D244 /* Base */,
			);
			name = Interface.storyboard;
			sourceTree = "<group>";
		};
/* End PBXVariantGroup section */

/* Begin XCBuildConfiguration section */
		BCCF8DA822D0C01B00141592 /* Debug */ = {
			isa = XCBuildConfiguration;
			buildSettings = {
				ALWAYS_SEARCH_USER_PATHS = NO;
				CLANG_ANALYZER_NONNULL = YES;
				CLANG_ANALYZER_NUMBER_OBJECT_CONVERSION = YES_AGGRESSIVE;
				CLANG_CXX_LANGUAGE_STANDARD = "gnu++14";
				CLANG_CXX_LIBRARY = "libc++";
				CLANG_ENABLE_MODULES = YES;
				CLANG_ENABLE_OBJC_ARC = YES;
				CLANG_ENABLE_OBJC_WEAK = YES;
				CLANG_WARN_BLOCK_CAPTURE_AUTORELEASING = YES;
				CLANG_WARN_BOOL_CONVERSION = YES;
				CLANG_WARN_COMMA = YES;
				CLANG_WARN_CONSTANT_CONVERSION = YES;
				CLANG_WARN_DEPRECATED_OBJC_IMPLEMENTATIONS = YES;
				CLANG_WARN_DIRECT_OBJC_ISA_USAGE = YES_ERROR;
				CLANG_WARN_DOCUMENTATION_COMMENTS = YES;
				CLANG_WARN_EMPTY_BODY = YES;
				CLANG_WARN_ENUM_CONVERSION = YES;
				CLANG_WARN_INFINITE_RECURSION = YES;
				CLANG_WARN_INT_CONVERSION = YES;
				CLANG_WARN_NON_LITERAL_NULL_CONVERSION = YES;
				CLANG_WARN_OBJC_IMPLICIT_RETAIN_SELF = YES;
				CLANG_WARN_OBJC_LITERAL_CONVERSION = YES;
				CLANG_WARN_OBJC_ROOT_CLASS = YES_ERROR;
				CLANG_WARN_RANGE_LOOP_ANALYSIS = YES;
				CLANG_WARN_STRICT_PROTOTYPES = YES;
				CLANG_WARN_SUSPICIOUS_MOVE = YES;
				CLANG_WARN_UNGUARDED_AVAILABILITY = YES_AGGRESSIVE;
				CLANG_WARN_UNREACHABLE_CODE = YES;
				CLANG_WARN__DUPLICATE_METHOD_MATCH = YES;
				CODE_SIGN_IDENTITY = "iPhone Developer";
				COPY_PHASE_STRIP = NO;
				DEBUG_INFORMATION_FORMAT = dwarf;
				ENABLE_STRICT_OBJC_MSGSEND = YES;
				ENABLE_TESTABILITY = YES;
				GCC_C_LANGUAGE_STANDARD = gnu11;
				GCC_DYNAMIC_NO_PIC = NO;
				GCC_NO_COMMON_BLOCKS = YES;
				GCC_OPTIMIZATION_LEVEL = 0;
				GCC_PREPROCESSOR_DEFINITIONS = (
					"DEBUG=1",
					"$(inherited)",
				);
				GCC_WARN_64_TO_32_BIT_CONVERSION = YES;
				GCC_WARN_ABOUT_RETURN_TYPE = YES_ERROR;
				GCC_WARN_UNDECLARED_SELECTOR = YES;
				GCC_WARN_UNINITIALIZED_AUTOS = YES_AGGRESSIVE;
				GCC_WARN_UNUSED_FUNCTION = YES;
				GCC_WARN_UNUSED_VARIABLE = YES;
				IPHONEOS_DEPLOYMENT_TARGET = 10.0;
				MTL_ENABLE_DEBUG_INFO = INCLUDE_SOURCE;
				MTL_FAST_MATH = YES;
				ONLY_ACTIVE_ARCH = YES;
				SDKROOT = iphoneos;
				SWIFT_ACTIVE_COMPILATION_CONDITIONS = DEBUG;
				SWIFT_OPTIMIZATION_LEVEL = "-Onone";
			};
			name = Debug;
		};
		BCCF8DA922D0C01B00141592 /* Release */ = {
			isa = XCBuildConfiguration;
			buildSettings = {
				ALWAYS_SEARCH_USER_PATHS = NO;
				CLANG_ANALYZER_NONNULL = YES;
				CLANG_ANALYZER_NUMBER_OBJECT_CONVERSION = YES_AGGRESSIVE;
				CLANG_CXX_LANGUAGE_STANDARD = "gnu++14";
				CLANG_CXX_LIBRARY = "libc++";
				CLANG_ENABLE_MODULES = YES;
				CLANG_ENABLE_OBJC_ARC = YES;
				CLANG_ENABLE_OBJC_WEAK = YES;
				CLANG_WARN_BLOCK_CAPTURE_AUTORELEASING = YES;
				CLANG_WARN_BOOL_CONVERSION = YES;
				CLANG_WARN_COMMA = YES;
				CLANG_WARN_CONSTANT_CONVERSION = YES;
				CLANG_WARN_DEPRECATED_OBJC_IMPLEMENTATIONS = YES;
				CLANG_WARN_DIRECT_OBJC_ISA_USAGE = YES_ERROR;
				CLANG_WARN_DOCUMENTATION_COMMENTS = YES;
				CLANG_WARN_EMPTY_BODY = YES;
				CLANG_WARN_ENUM_CONVERSION = YES;
				CLANG_WARN_INFINITE_RECURSION = YES;
				CLANG_WARN_INT_CONVERSION = YES;
				CLANG_WARN_NON_LITERAL_NULL_CONVERSION = YES;
				CLANG_WARN_OBJC_IMPLICIT_RETAIN_SELF = YES;
				CLANG_WARN_OBJC_LITERAL_CONVERSION = YES;
				CLANG_WARN_OBJC_ROOT_CLASS = YES_ERROR;
				CLANG_WARN_RANGE_LOOP_ANALYSIS = YES;
				CLANG_WARN_STRICT_PROTOTYPES = YES;
				CLANG_WARN_SUSPICIOUS_MOVE = YES;
				CLANG_WARN_UNGUARDED_AVAILABILITY = YES_AGGRESSIVE;
				CLANG_WARN_UNREACHABLE_CODE = YES;
				CLANG_WARN__DUPLICATE_METHOD_MATCH = YES;
				CODE_SIGN_IDENTITY = "iPhone Developer";
				COPY_PHASE_STRIP = NO;
				DEBUG_INFORMATION_FORMAT = "dwarf-with-dsym";
				ENABLE_NS_ASSERTIONS = NO;
				ENABLE_STRICT_OBJC_MSGSEND = YES;
				GCC_C_LANGUAGE_STANDARD = gnu11;
				GCC_NO_COMMON_BLOCKS = YES;
				GCC_WARN_64_TO_32_BIT_CONVERSION = YES;
				GCC_WARN_ABOUT_RETURN_TYPE = YES_ERROR;
				GCC_WARN_UNDECLARED_SELECTOR = YES;
				GCC_WARN_UNINITIALIZED_AUTOS = YES_AGGRESSIVE;
				GCC_WARN_UNUSED_FUNCTION = YES;
				GCC_WARN_UNUSED_VARIABLE = YES;
				IPHONEOS_DEPLOYMENT_TARGET = 10.0;
				MTL_ENABLE_DEBUG_INFO = NO;
				MTL_FAST_MATH = YES;
				SDKROOT = iphoneos;
				SWIFT_COMPILATION_MODE = wholemodule;
				SWIFT_OPTIMIZATION_LEVEL = "-O";
				VALIDATE_PRODUCT = YES;
			};
			name = Release;
		};
		BCCF8DAB22D0C01B00141592 /* Debug */ = {
			isa = XCBuildConfiguration;
			buildSettings = {
				ASSETCATALOG_COMPILER_APPICON_NAME = AppIcon;
				CODE_SIGN_ENTITLEMENTS = Aquary/Aquary.entitlements;
				CODE_SIGN_STYLE = Automatic;
				DEVELOPMENT_TEAM = 982G9U8P5U;
				INFOPLIST_FILE = Aquary/Info.plist;
				IPHONEOS_DEPLOYMENT_TARGET = 10.0;
				LD_RUNPATH_SEARCH_PATHS = (
					"$(inherited)",
					"@executable_path/Frameworks",
				);
				PRODUCT_BUNDLE_IDENTIFIER = com.SashkoShel.Aquary;
				PRODUCT_NAME = "$(TARGET_NAME)";
				SWIFT_VERSION = 5.0;
				TARGETED_DEVICE_FAMILY = 1;
			};
			name = Debug;
		};
		BCCF8DAC22D0C01B00141592 /* Release */ = {
			isa = XCBuildConfiguration;
			buildSettings = {
				ASSETCATALOG_COMPILER_APPICON_NAME = AppIcon;
				CODE_SIGN_ENTITLEMENTS = Aquary/Aquary.entitlements;
				CODE_SIGN_STYLE = Automatic;
				DEVELOPMENT_TEAM = 982G9U8P5U;
				INFOPLIST_FILE = Aquary/Info.plist;
				IPHONEOS_DEPLOYMENT_TARGET = 10.0;
				LD_RUNPATH_SEARCH_PATHS = (
					"$(inherited)",
					"@executable_path/Frameworks",
				);
				PRODUCT_BUNDLE_IDENTIFIER = com.SashkoShel.Aquary;
				PRODUCT_NAME = "$(TARGET_NAME)";
				SWIFT_VERSION = 5.0;
				TARGETED_DEVICE_FAMILY = 1;
			};
			name = Release;
		};
		BCDC7C1522D5085C0087D244 /* Debug */ = {
			isa = XCBuildConfiguration;
			buildSettings = {
				ASSETCATALOG_COMPILER_COMPLICATION_NAME = Complication;
				CODE_SIGN_STYLE = Automatic;
				DEVELOPMENT_TEAM = 982G9U8P5U;
				INFOPLIST_FILE = "watchAquary Extension/Info.plist";
				LD_RUNPATH_SEARCH_PATHS = (
					"$(inherited)",
					"@executable_path/Frameworks",
					"@executable_path/../../Frameworks",
				);
				PRODUCT_BUNDLE_IDENTIFIER = com.SashkoShel.Aquary.watchkitapp.watchkitextension;
				PRODUCT_NAME = "${TARGET_NAME}";
				SDKROOT = watchos;
				SKIP_INSTALL = YES;
				SWIFT_VERSION = 5.0;
				TARGETED_DEVICE_FAMILY = 4;
				WATCHOS_DEPLOYMENT_TARGET = 3.0;
			};
			name = Debug;
		};
		BCDC7C1622D5085C0087D244 /* Release */ = {
			isa = XCBuildConfiguration;
			buildSettings = {
				ASSETCATALOG_COMPILER_COMPLICATION_NAME = Complication;
				CODE_SIGN_STYLE = Automatic;
				DEVELOPMENT_TEAM = 982G9U8P5U;
				INFOPLIST_FILE = "watchAquary Extension/Info.plist";
				LD_RUNPATH_SEARCH_PATHS = (
					"$(inherited)",
					"@executable_path/Frameworks",
					"@executable_path/../../Frameworks",
				);
				PRODUCT_BUNDLE_IDENTIFIER = com.SashkoShel.Aquary.watchkitapp.watchkitextension;
				PRODUCT_NAME = "${TARGET_NAME}";
				SDKROOT = watchos;
				SKIP_INSTALL = YES;
				SWIFT_VERSION = 5.0;
				TARGETED_DEVICE_FAMILY = 4;
				WATCHOS_DEPLOYMENT_TARGET = 3.0;
			};
			name = Release;
		};
		BCDC7C1922D5085C0087D244 /* Debug */ = {
			isa = XCBuildConfiguration;
			buildSettings = {
				ALWAYS_EMBED_SWIFT_STANDARD_LIBRARIES = YES;
				ASSETCATALOG_COMPILER_APPICON_NAME = AppIcon;
				CODE_SIGN_STYLE = Automatic;
				DEVELOPMENT_TEAM = 982G9U8P5U;
				IBSC_MODULE = watchAquary_Extension;
				INFOPLIST_FILE = watchAquary/Info.plist;
				PRODUCT_BUNDLE_IDENTIFIER = com.SashkoShel.Aquary.watchkitapp;
				PRODUCT_NAME = "$(TARGET_NAME)";
				SDKROOT = watchos;
				SKIP_INSTALL = YES;
				SWIFT_VERSION = 5.0;
				TARGETED_DEVICE_FAMILY = 4;
				WATCHOS_DEPLOYMENT_TARGET = 3.0;
			};
			name = Debug;
		};
		BCDC7C1A22D5085C0087D244 /* Release */ = {
			isa = XCBuildConfiguration;
			buildSettings = {
				ALWAYS_EMBED_SWIFT_STANDARD_LIBRARIES = YES;
				ASSETCATALOG_COMPILER_APPICON_NAME = AppIcon;
				CODE_SIGN_STYLE = Automatic;
				DEVELOPMENT_TEAM = 982G9U8P5U;
				IBSC_MODULE = watchAquary_Extension;
				INFOPLIST_FILE = watchAquary/Info.plist;
				PRODUCT_BUNDLE_IDENTIFIER = com.SashkoShel.Aquary.watchkitapp;
				PRODUCT_NAME = "$(TARGET_NAME)";
				SDKROOT = watchos;
				SKIP_INSTALL = YES;
				SWIFT_VERSION = 5.0;
				TARGETED_DEVICE_FAMILY = 4;
				WATCHOS_DEPLOYMENT_TARGET = 3.0;
			};
			name = Release;
		};
/* End XCBuildConfiguration section */

/* Begin XCConfigurationList section */
		BCCF8D9022D0C01900141592 /* Build configuration list for PBXProject "Aquary" */ = {
			isa = XCConfigurationList;
			buildConfigurations = (
				BCCF8DA822D0C01B00141592 /* Debug */,
				BCCF8DA922D0C01B00141592 /* Release */,
			);
			defaultConfigurationIsVisible = 0;
			defaultConfigurationName = Release;
		};
		BCCF8DAA22D0C01B00141592 /* Build configuration list for PBXNativeTarget "Aquary" */ = {
			isa = XCConfigurationList;
			buildConfigurations = (
				BCCF8DAB22D0C01B00141592 /* Debug */,
				BCCF8DAC22D0C01B00141592 /* Release */,
			);
			defaultConfigurationIsVisible = 0;
			defaultConfigurationName = Release;
		};
		BCDC7C1422D5085C0087D244 /* Build configuration list for PBXNativeTarget "watchAquary Extension" */ = {
			isa = XCConfigurationList;
			buildConfigurations = (
				BCDC7C1522D5085C0087D244 /* Debug */,
				BCDC7C1622D5085C0087D244 /* Release */,
			);
			defaultConfigurationIsVisible = 0;
			defaultConfigurationName = Release;
		};
		BCDC7C1822D5085C0087D244 /* Build configuration list for PBXNativeTarget "watchAquary" */ = {
			isa = XCConfigurationList;
			buildConfigurations = (
				BCDC7C1922D5085C0087D244 /* Debug */,
				BCDC7C1A22D5085C0087D244 /* Release */,
			);
			defaultConfigurationIsVisible = 0;
			defaultConfigurationName = Release;
		};
/* End XCConfigurationList section */

/* Begin XCVersionGroup section */
		BCCF8D9F22D0C01900141592 /* Aquary.xcdatamodeld */ = {
			isa = XCVersionGroup;
			children = (
				BCCF8DA022D0C01900141592 /* Aquary.xcdatamodel */,
			);
			currentVersion = BCCF8DA022D0C01900141592 /* Aquary.xcdatamodel */;
			path = Aquary.xcdatamodeld;
			sourceTree = "<group>";
			versionGroupType = wrapper.xcdatamodel;
		};
/* End XCVersionGroup section */
	};
	rootObject = BCCF8D8D22D0C01900141592 /* Project object */;
}
